
Microsoft Visual Studio Solution File, Format Version 12.00
# Visual Studio Version 16
VisualStudioVersion = 16.0.31129.286
MinimumVisualStudioVersion = 10.0.40219.1
Project("{FAE04EC0-301F-11D3-BF4B-00C04F79EFBC}") = "PageInfoParse", "PageInfoParse\PageInfoParse.csproj", "{CC4DD801-8A8C-428D-AED4-5387A7A012C7}"
EndProject
Global
	GlobalSection(SolutionConfigurationPlatforms) = preSolution
		Debug|Any CPU = Debug|Any CPU
		Release|Any CPU = Release|Any CPU
	EndGlobalSection
	GlobalSection(ProjectConfigurationPlatforms) = postSolution
		{CC4DD801-8A8C-428D-AED4-5387A7A012C7}.Debug|Any CPU.ActiveCfg = Debug|Any CPU
		{CC4DD801-8A8C-428D-AED4-5387A7A012C7}.Debug|Any CPU.Build.0 = Debug|Any CPU
		{CC4DD801-8A8C-428D-AED4-5387A7A012C7}.Release|Any CPU.ActiveCfg = Release|Any CPU
		{CC4DD801-8A8C-428D-AED4-5387A7A012C7}.Release|Any CPU.Build.0 = Release|Any CPU
	EndGlobalSection
	GlobalSection(SolutionProperties) = preSolution
		HideSolutionNode = FALSE
	EndGlobalSection
	GlobalSection(ExtensibilityGlobals) = postSolution
		SolutionGuid = {D5242099-6856-471B-9DE3-F097489E96B6}
	EndGlobalSection
EndGlobal
